github.com/alecthomas/participle v0.7.1 h1:2bN7reTw//5f0cugJcTOnY/NYZcWQOaajW+BwZB5xWs=
github.com/alecthomas/participle/v2 v2.0.0-alpha7 h1:cK4vjj0VSgb3lN1nuKA5F7dw+1s1pWBe5bx7nNCnN+c=
github.com/alecthomas/participle/v2 v2.0.0-alpha7/go.mod h1:NumScqsC42o9x+dGj8/YqsIfhrIQjFEOFovxotbBirA=
github.com/alecthomas/repr v0.0.0-20181024024818-d37bc2a10ba1/go.mod h1:xTS7Pm1pD1mvyM075QCDSRqH6qRLXylzS24ZTpRiSzQ=
github.com/asdine/storm v2.1.2+incompatible h1:dczuIkyqwY2LrtXPz8ixMrU/OFgZp71kbKTHGrXYt/Q=
github.com/asdine/storm v2.1.2+incompatible/go.mod h1:RarYDc9hq1UPLImuiXK3BIWPJLdIygvV3PsInK0FbVQ=
github.com/atotto/clipboard v0.1.4 h1:EH0zSVneZPSuFR11BlR9YppQTVDbh5+16AmcJi4g1z4=
github.com/atotto/clipboard v0.1.4/go.mod h1:ZY9tmq7sm5xIbd9bOK4onWV4S6X0u6GY7Vn0Yu86PYI=
github.com/aws/aws-sdk-go-v2 v1.13.0 h1:1XIXAfxsEmbhbj5ry3D3vX+6ZcUYvIqSm4CWWEuGZCA=
github.com/aws/aws-sdk-go-v2 v1.13.0/go.mod h1:L6+ZpqHaLbAaxsqV0L4cvxZY7QupWJB4fhkf8LXvC7w=
github.com/aws/aws-sdk-go-v2 v1.15.0 h1:f9kWLNfyCzCB43eupDAk3/XgJ2EpgktiySD6leqs0js=
github.com/aws/aws-sdk-go-v2 v1.15.0/go.mod h1:lJYcuZZEHWNIb6ugJjbQY1fykdoobWbOS7kJYb4APoI=
github.com/aws/aws-sdk-go-v2 v1.16.1 h1:udzee98w8H6ikRgtFdVN9JzzYEbi/quFfSvduZETJIU=
github.com/aws/aws-sdk-go-v2 v1.16.1/go.mod h1:ytwTPBG6fXTZLxxeeCCWj2/EMYp/xDUgX+OET6TLNNU=
github.com/aws/aws-sdk-go-v2 v1.16.5 h1:Ah9h1TZD9E2S1LzHpViBO3Jz9FPL5+rmflmb8hXirtI=
github.com/aws/aws-sdk-go-v2 v1.16.5/go.mod h1:Wh7MEsmEApyL5hrWzpDkba4gwAPc5/piwLVLFnCxp48=
github.com/aws/aws-sdk-go-v2/config v1.13.1 h1:yLv8bfNoT4r+UvUKQKqRtdnvuWGMK5a82l4ru9Jvnuo=
github.com/aws/aws-sdk-go-v2/config v1.13.1/go.mod h1:Ba5Z4yL/UGbjQUzsiaN378YobhFo0MLfueXGiOsYtEs=
github.com/aws/aws-sdk-go-v2/credentials v1.8.0 h1:8Ow0WcyDesGNL0No11jcgb1JAtE+WtubqXjgxau+S0o=
github.com/aws/aws-sdk-go-v2/credentials v1.8.0/go.mod h1:gnMo58Vwx3Mu7hj1wpcG8DI0s57c9o42UQ6wgTQT5to=
github.com/aws/aws-sdk-go-v2/feature/dynamodb/attributevalue v1.8.0 h1:XxTy21xVUkoCZOSGwf+AW22v8aK3eEbYMaGGQ3MbKKk=
github.com/aws/aws-sdk-go-v2/feature/dynamodb/attributevalue v1.8.0/go.mod h1:6WkjzWenkrj3IgLPIPBBz4Qh99jNDF8L4Wj03vfMhAA=
github.com/aws/aws-sdk-go-v2/feature/dynamodb/attributevalue v1.9.4 h1:EoyeSOfbSuKh+bQIDoZaVJjON6PF+dsSn5w1RhIpMD0=
github.com/aws/aws-sdk-go-v2/feature/dynamodb/attributevalue v1.9.4/go.mod h1:bfCL7OwZS6owS06pahfGxhcgpLWj2W1sQASoYRuenag=
github.com/aws/aws-sdk-go-v2/feature/dynamodb/expression v1.4.10 h1:IBIZfpnWCTTQhH/bMvDcCMw10BtLBPYO30Ev8MLXMTY=
github.com/aws/aws-sdk-go-v2/feature/dynamodb/expression v1.4.10/go.mod h1:RL7aJOwlWj2N6wkE4nKR1S5M4iGph+xSu7JovwNYpyU=
github.com/aws/aws-sdk-go-v2/feature/ec2/imds v1.10.0 h1:NITDuUZO34mqtOwFWZiXo7yAHj7kf+XPE+EiKuCBNUI=
github.com/aws/aws-sdk-go-v2/feature/ec2/imds v1.10.0/go.mod h1:I6/fHT/fH460v09eg2gVrd8B/IqskhNdpcLH0WNO3QI=
github.com/aws/aws-sdk-go-v2/internal/configsources v1.1.4 h1:CRiQJ4E2RhfDdqbie1ZYDo8QtIo75Mk7oTdJSfwJTMQ=
github.com/aws/aws-sdk-go-v2/internal/configsources v1.1.4/go.mod h1:XHgQ7Hz2WY2GAn//UXHofLfPXWh+s62MbMOijrg12Lw=
github.com/aws/aws-sdk-go-v2/internal/configsources v1.1.6 h1:xiGjGVQsem2cxoIX61uRGy+Jux2s9C/kKbTrWLdrU54=
github.com/aws/aws-sdk-go-v2/internal/configsources v1.1.6/go.mod h1:SSPEdf9spsFgJyhjrXvawfpyzrXHBCUe+2eQ1CjC1Ak=
github.com/aws/aws-sdk-go-v2/internal/configsources v1.1.8 h1:CDaO90VZVBAL1sK87S5oSPIrp7yZqORv1hPIi2UsTMk=
github.com/aws/aws-sdk-go-v2/internal/configsources v1.1.8/go.mod h1:LnTQMTqbKsbtt+UI5+wPsB7jedW+2ZgozoPG8k6cMxg=
github.com/aws/aws-sdk-go-v2/internal/configsources v1.1.12 h1:Zt7DDk5V7SyQULUUwIKzsROtVzp/kVvcz15uQx/Tkow=
github.com/aws/aws-sdk-go-v2/internal/configsources v1.1.12/go.mod h1:Afj/U8svX6sJ77Q+FPWMzabJ9QjbwP32YlopgKALUpg=
github.com/aws/aws-sdk-go-v2/internal/endpoints/v2 v2.2.0 h1:3ADoioDMOtF4uiK59vCpplpCwugEU+v4ZFD29jDL3RQ=
github.com/aws/aws-sdk-go-v2/internal/endpoints/v2 v2.2.0/go.mod h1:BsCSJHx5DnDXIrOcqB8KN1/B+hXLG/bi4Y6Vjcx/x9E=
github.com/aws/aws-sdk-go-v2/internal/endpoints/v2 v2.4.0 h1:bt3zw79tm209glISdMRCIVRCwvSDXxgAxh5KWe2qHkY=
github.com/aws/aws-sdk-go-v2/internal/endpoints/v2 v2.4.0/go.mod h1:viTrxhAuejD+LszDahzAE2x40YjYWhMqzHxv2ZiWaME=
github.com/aws/aws-sdk-go-v2/internal/endpoints/v2 v2.4.2 h1:XXR3cdOcKRCTZf6ctcqpMf+go1BdzTm6+T9Ul5zxcMI=
github.com/aws/aws-sdk-go-v2/internal/endpoints/v2 v2.4.2/go.mod h1:1x4ZP3Z8odssdhuLI+/1Tqw6Pt/VAaP4Tr8EUxHvPXE=
github.com/aws/aws-sdk-go-v2/internal/endpoints/v2 v2.4.6 h1:eeXdGVtXEe+2Jc49+/vAzna3FAQnUD4AagAw8tzbmfc=
github.com/aws/aws-sdk-go-v2/internal/endpoints/v2 v2.4.6/go.mod h1:FwpAKI+FBPIELJIdmQzlLtRe8LQSOreMcM2wBsPMvvc=
github.com/aws/aws-sdk-go-v2/internal/ini v1.3.5 h1:ixotxbfTCFpqbuwFv/RcZwyzhkxPSYDYEMcj4niB5Uk=
github.com/aws/aws-sdk-go-v2/internal/ini v1.3.5/go.mod h1:R3sWUqPcfXSiF/LSFJhjyJmpg9uV6yP2yv3YZZjldVI=
github.com/aws/aws-sdk-go-v2/service/dynamodb v1.15.0 h1:qnx+WyIH9/AD+wAxi05WCMNanO236ceqHg6hChCWs3M=
github.com/aws/aws-sdk-go-v2/service/dynamodb v1.15.0/go.mod h1:+Kc1UmbE37ijaAsb3KogW6FR8z0myjX6VtdcCkQEK0k=
github.com/aws/aws-sdk-go-v2/service/dynamodb v1.15.7 h1:Ls6kDGWNr3wxE8JypXgTTonHpQ1eRVCGNqaFHY2UASw=
github.com/aws/aws-sdk-go-v2/service/dynamodb v1.15.7/go.mod h1:+v2jeT4/39fCXUQ0ZfHQHMMiJljnmiuj16F03uAd9DY=
github.com/aws/aws-sdk-go-v2/service/dynamodbstreams v1.13.0 h1:s71pGCiLqqGRoUWtdJ2j4PazwEpZVwQc16na/4FfXdk=
github.com/aws/aws-sdk-go-v2/service/dynamodbstreams v1.13.0/go.mod h1:YGzTq/joAih4HRZZtMBWGP4bI8xVucOBQ9RvuanpclA=
github.com/aws/aws-sdk-go-v2/service/dynamodbstreams v1.13.7 h1:o2HKntJx3vr3y11NK58RA6tYKZKQo5PWWt/bs0rWR0U=
github.com/aws/aws-sdk-go-v2/service/dynamodbstreams v1.13.7/go.mod h1:FAVtDKEl/8WxRDQ33e2fz16RO1t4zeEwWIU5kR29xXs=
github.com/aws/aws-sdk-go-v2/service/internal/accept-encoding v1.9.0 h1:uhb7moM7VjqIEpWzTpCvceLDSwrWpaleXm39OnVjuLE=
github.com/aws/aws-sdk-go-v2/service/internal/accept-encoding v1.9.0/go.mod h1:pA2St3Pu2Ldy6fBPY45Azoh1WBG4oS7eIKOd4XN7Meg=
github.com/aws/aws-sdk-go-v2/service/internal/accept-encoding v1.9.2 h1:T/ywkX1ed+TsZVQccu/8rRJGxKZF/t0Ivgrb4MHTSeo=
github.com/aws/aws-sdk-go-v2/service/internal/accept-encoding v1.9.2/go.mod h1:RnloUnyZ4KN9JStGY1LuQ7Wzqh7V0f8FinmRdHYtuaA=
github.com/aws/aws-sdk-go-v2/service/internal/endpoint-discovery v1.7.0 h1:6Bc0KHhAyxGe15JUHrK+Udw7KhE5LN+5HKZjQGo4yDI=
github.com/aws/aws-sdk-go-v2/service/internal/endpoint-discovery v1.7.0/go.mod h1:0nXuX9UrkN4r0PX9TSKfcueGRfsdEYIKG4rjTeJ61X8=
github.com/aws/aws-sdk-go-v2/service/internal/endpoint-discovery v1.7.6 h1:JGrc3+kkyr848/wpG2+kWuzHK3H4Fyxj2jnXj8ijQ/Y=
github.com/aws/aws-sdk-go-v2/service/internal/endpoint-discovery v1.7.6/go.mod h1:zwvTysbXES8GDwFcwCPB8NkC+bCdio1abH+E+BRe/xg=
github.com/aws/aws-sdk-go-v2/service/internal/presigned-url v1.7.0 h1:4QAOB3KrvI1ApJK14sliGr3Ie2pjyvNypn/lfzDHfUw=
github.com/aws/aws-sdk-go-v2/service/internal/presigned-url v1.7.0/go.mod h1:K/qPe6AP2TGYv4l6n7c88zh9jWBDf6nHhvg1fx/EWfU=
github.com/aws/aws-sdk-go-v2/service/sqs v1.16.0 h1:dzWS4r8E9bA0TesHM40FSAtedwpTVCuTsLI8EziSqyk=
github.com/aws/aws-sdk-go-v2/service/sqs v1.16.0/go.mod h1:IBTQMG8mtyj37OWg7vIXcg714Ntcb/LlYou/rZpvV1k=
github.com/aws/aws-sdk-go-v2/service/ssm v1.24.0 h1:p22U2yL/AeRToERGcZv1R26Yci5VQnWIrpzcZdG54cg=
github.com/aws/aws-sdk-go-v2/service/ssm v1.24.0/go.mod h1:chcyLYBEVRac/7rWJsD6cUHUR2osROwavvNqCplfwog=
github.com/aws/aws-sdk-go-v2/service/sso v1.9.0 h1:1qLJeQGBmNQW3mBNzK2CFmrQNmoXWrscPqsrAaU1aTA=
github.com/aws/aws-sdk-go-v2/service/sso v1.9.0/go.mod h1:vCV4glupK3tR7pw7ks7Y4jYRL86VvxS+g5qk04YeWrU=
github.com/aws/aws-sdk-go-v2/service/sts v1.14.0 h1:ksiDXhvNYg0D2/UFkLejsaz3LqpW5yjNQ8Nx9Sn2c0E=
github.com/aws/aws-sdk-go-v2/service/sts v1.14.0/go.mod h1:u0xMJKDvvfocRjiozsoZglVNXRG19043xzp3r2ivLIk=
github.com/aws/smithy-go v1.10.0 h1:gsoZQMNHnX+PaghNw4ynPsyGP7aUCqx5sY2dlPQsZ0w=
github.com/aws/smithy-go v1.10.0/go.mod h1:SObp3lf9smib00L/v3U2eAKG8FyQ7iLrJnQiAmR5n+E=
github.com/aws/smithy-go v1.11.1 h1:IQ+lPZVkSM3FRtyaDox41R8YS6iwPMYIreejOgPW49g=
github.com/aws/smithy-go v1.11.1/go.mod h1:3xHYmszWVx2c0kIwQeEVf9uSm4fYZt67FBJnwub1bgM=
github.com/aws/smithy-go v1.11.2 h1:eG/N+CcUMAvsdffgMvjMKwfyDzIkjM6pfxMJ8Mzc6mE=
github.com/aws/smithy-go v1.11.2/go.mod h1:3xHYmszWVx2c0kIwQeEVf9uSm4fYZt67FBJnwub1bgM=
github.com/aws/smithy-go v1.11.3 h1:DQixirEFM9IaKxX1olZ3ke3nvxRS2xMDteKIDWxozW8=
github.com/aws/smithy-go v1.11.3/go.mod h1:Tg+OJXh4MB2R/uN61Ko2f6hTZwB/ZYGOtib8J3gBHzA=
github.com/brianvoe/gofakeit/v6 v6.15.0 h1:lJPGJZ2/07TRGDazyTzD5b18N3y4tmmJpdhCUw18FlI=
github.com/brianvoe/gofakeit/v6 v6.15.0/go.mod h1:Ow6qC71xtwm79anlwKRlWZW6zVq9D2XHE4QSSMP/rU8=
github.com/calyptia/go-bubble-table v0.1.0 h1:mXpaaBlrHGH4K8v5PvM8YqBFT9jlysS1YOycU2u3gEQ=
github.com/calyptia/go-bubble-table v0.1.0/go.mod h1:2nnweuFos+eEIIbgweXvZuX+ROOatsMwB3NHnX/vTC4=
github.com/calyptia/go-bubble-table v0.2.1 h1:NWcVRyGCLuP7QIA29uUFSY+IjmWcmUWHjy5J/CPb0Rk=
github.com/calyptia/go-bubble-table v0.2.1/go.mod h1:gJvzUOUzfQeA9JmgLumyJYWJMtuRQ7WxxTwc9tjEiGw=
github.com/charmbracelet/bubbles v0.10.3 h1:fKarbRaObLn/DCsZO4Y3vKCwRUzynQD9L+gGev1E/ho=
github.com/charmbracelet/bubbles v0.10.3/go.mod h1:jOA+DUF1rjZm7gZHcNyIVW+YrBPALKfpGVdJu8UiJsA=
github.com/charmbracelet/bubbles v0.11.0 h1:fBLyY0PvJnd56Vlu5L84JJH6f4axhgIJ9P3NET78f0Q=
github.com/charmbracelet/bubbles v0.11.0/go.mod h1:bbeTiXwPww4M031aGi8UK2HT9RDWoiNibae+1yCMtcc=
github.com/charmbracelet/bubbletea v0.19.3/go.mod h1:VuXF2pToRxDUHcBUcPmCRUHRvFATM4Ckb/ql1rBl3KA=
github.com/charmbracelet/bubbletea v0.20.0 h1:/b8LEPgCbNr7WWZ2LuE/BV1/r4t5PyYJtDb+J3vpwxc=
github.com/charmbracelet/bubbletea v0.20.0/go.mod h1:zpkze1Rioo4rJELjRyGlm9T2YNou1Fm4LIJQSa5QMEM=
github.com/charmbracelet/bubbletea v0.21.0 h1:f3y+kanzgev5PA916qxmDybSHU3N804uOnKnhRPXTcI=
github.com/charmbracelet/bubbletea v0.21.0/go.mod h1:GgmJMec61d08zXsOhqRC/AiOx4K4pmz+VIcRIm1FKr4=
github.com/charmbracelet/harmonica v0.1.0/go.mod h1:KSri/1RMQOZLbw7AHqgcBycp8pgJnQMYYT8QZRqZ1Ao=
github.com/charmbracelet/harmonica v0.2.0/go.mod h1:KSri/1RMQOZLbw7AHqgcBycp8pgJnQMYYT8QZRqZ1Ao=
github.com/charmbracelet/lipgloss v0.4.0/go.mod h1:vmdkHvce7UzX6xkyf4cca8WlwdQ5RQr8fzta+xl7BOM=
github.com/charmbracelet/lipgloss v0.5.0 h1:lulQHuVeodSgDez+3rGiuxlPVXSnhth442DATR2/8t8=
github.com/charmbracelet/lipgloss v0.5.0/go.mod h1:EZLha/HbzEt7cYqdFPovlqy5FZPj0xFhg5SaqxScmgs=
github.com/containerd/console v1.0.2/go.mod h1:ytZPjGgY2oeTkAONYafi2kSj0aYggsf8acV1PGKCbzQ=
github.com/containerd/console v1.0.3 h1:lIr7SlA5PxZyMV30bDW0MGbiOPXwc63yRuCP0ARubLw=
github.com/containerd/console v1.0.3/go.mod h1:7LqA/THxQ86k76b8c/EMSiaJ3h1eZkMkXar0TQ1gf3U=
github.com/davecgh/go-spew v1.1.0/go.mod h1:J7Y8YcW2NihsgmVo/mv3lAwl/skON4iLHjSsI+c5H38=
github.com/davecgh/go-spew v1.1.1 h1:vj9j/u1bqnvCEfJOwUhtlOARqs3+rkHYY13jYWTU97c=
github.com/davecgh/go-spew v1.1.1/go.mod h1:J7Y8YcW2NihsgmVo/mv3lAwl/skON4iLHjSsI+c5H38=
github.com/google/go-cmp v0.5.4/go.mod h1:v8dTdLbMG2kIc/vJvl+f65V22dbkXbowE6jgT/gNBxE=
github.com/google/go-cmp v0.5.6/go.mod h1:v8dTdLbMG2kIc/vJvl+f65V22dbkXbowE6jgT/gNBxE=
github.com/google/go-cmp v0.5.7/go.mod h1:n+brtR0CgQNWTVd5ZUFpTBC8YFBDLK/h/bpaJ8/DtOE=
github.com/google/go-cmp v0.5.8/go.mod h1:17dUlkBOakJ0+DkrSSNjCkIjxS6bF9zb3elmeNGIjoY=
github.com/google/uuid v1.3.0 h1:t6JiXgmwXMjEs8VusXIJk2BXHsn+wx8BZdTaoZ5fu7I=
github.com/google/uuid v1.3.0/go.mod h1:TIyPZe4MgqvfeYDBFedMoGGpEw/LqOeaOT+nhxU+yHo=
github.com/jmespath/go-jmespath v0.4.0 h1:BEgLn5cpjn8UN1mAw4NjwDrS35OdebyEtFe+9YPoQUg=
github.com/jmespath/go-jmespath v0.4.0/go.mod h1:T8mJZnbsbmF+m6zOOFylbeCJqk5+pHWvzYPziyZiYoo=
github.com/jmespath/go-jmespath/internal/testify v1.5.1/go.mod h1:L3OGu8Wl2/fWfCI6z80xFu9LTZmf1ZRjMHUOPmWr69U=
github.com/juju/ansiterm v0.0.0-20210929141451-8b71cc96ebdc h1:ZQrgZFsLzkw7o3CoDzsfBhx0bf/1rVBXrLy8dXKRe8o=
github.com/juju/ansiterm v0.0.0-20210929141451-8b71cc96ebdc/go.mod h1:PyXUpnI3olx3bsPcHt98FGPX/KCFZ1Fi+hw1XLI6384=
github.com/kr/pretty v0.2.1/go.mod h1:ipq/a2n7PKx3OHsz4KJII5eveXtPO4qwEXGdVfWzfnI=
github.com/kr/pty v1.1.1/go.mod h1:pFQYn66WHrOpPYNljwOMqo10TkYh1fy3cYio2l3bCsQ=
github.com/kr/text v0.1.0/go.mod h1:4Jbv+DJW3UT/LiOwJeYQe1efqtUx/iVham/4vfdArNI=
github.com/kylelemons/godebug v1.1.0/go.mod h1:9/0rRGxNHcop5bhtWyNeEfOS8JIWk580+fNqagV/RAw=
github.com/lmika/events v0.0.0-20200906102219-a2269cd4394e h1:0QkUe2ejnT/i+xbgGylMU1b+XnZponQKiPVNi+C/xgA=
github.com/lmika/events v0.0.0-20200906102219-a2269cd4394e/go.mod h1:qtkBmNC9OfD0STtOR9sF55pQchjIfNlC3gzm4n8CrqM=
github.com/lmika/go-bubble-table v0.2.2-0.20220608033210-61eeb29a6239 h1:GGw5pZtEFnHtD7kKdWsiwgcIwZTnok60sShrHVYz4ok=
github.com/lmika/go-bubble-table v0.2.2-0.20220608033210-61eeb29a6239/go.mod h1:0RT1upgKZ6qZ6B1SqseE3wWsPjSQRv/G/HjpYK8jNsg=
github.com/lmika/go-bubble-table v0.2.2-0.20220616114432-6bbb2995e538 h1:dtMPRNoDqDnnP3HgOvYhswcJVSqdISkYlCtGOjTqg6Q=
github.com/lmika/go-bubble-table v0.2.2-0.20220616114432-6bbb2995e538/go.mod h1:0RT1upgKZ6qZ6B1SqseE3wWsPjSQRv/G/HjpYK8jNsg=
github.com/lmika/gopkgs v0.0.0-20211210041137-0dc91e939890 h1:mwl/exYV/WkBMeShqK7q+B2w2r+b0vP1TSA7clBn9kI=
github.com/lmika/gopkgs v0.0.0-20211210041137-0dc91e939890/go.mod h1:FH6OJSvYcJ9xY8CGs9yGgR89kMCK1UimuUQ6kE5YuJQ=
github.com/lmika/shellwords v0.0.0-20140714114018-ce258dd729fe h1:1UXS/6OFkbi6JrihPykmYO1VtsABB02QQ+YmYYzTY18=
github.com/lmika/shellwords v0.0.0-20140714114018-ce258dd729fe/go.mod h1:qpdOkLougV5Yry4Px9f1w1pNMavcr6Z67VW5Ro+vW5I=
github.com/lucasb-eyer/go-colorful v1.2.0 h1:1nnpGOrhyZZuNyfu1QjKiUICQ74+3FNCN69Aj6K7nkY=
github.com/lucasb-eyer/go-colorful v1.2.0/go.mod h1:R4dSotOR9KMtayYi1e77YzuveK+i7ruzyGqttikkLy0=
github.com/lunixbochs/vtclean v1.0.0 h1:xu2sLAri4lGiovBDQKxl5mrXyESr3gUr5m5SM5+LVb8=
github.com/lunixbochs/vtclean v1.0.0/go.mod h1:pHhQNgMf3btfWnGBVipUOjRYhoOsdGqdm/+2c2E2WMI=
github.com/mattn/go-colorable v0.1.10/go.mod h1:u6P/XSegPjTcexA+o6vUJrdnUu04hMope9wVRipJSqc=
github.com/mattn/go-isatty v0.0.12/go.mod h1:cbi8OIDigv2wuxKPP5vlRcQ1OAZbq2CE4Kysco4FUpU=
github.com/mattn/go-isatty v0.0.13/go.mod h1:cbi8OIDigv2wuxKPP5vlRcQ1OAZbq2CE4Kysco4FUpU=
github.com/mattn/go-isatty v0.0.14 h1:yVuAays6BHfxijgZPzw+3Zlu5yQgKGP2/hcQbHb7S9Y=
github.com/mattn/go-isatty v0.0.14/go.mod h1:7GGIvUiUoEMVVmxf/4nioHXj79iQHKdU27kJ6hsGG94=
github.com/mattn/go-runewidth v0.0.10/go.mod h1:RAqKPSqVFrSLVXbA8x7dzmKdmGzieGRCM46jaSJTDAk=
github.com/mattn/go-runewidth v0.0.12/go.mod h1:RAqKPSqVFrSLVXbA8x7dzmKdmGzieGRCM46jaSJTDAk=
github.com/mattn/go-runewidth v0.0.13 h1:lTGmDsbAYt5DmK6OnoV7EuIF1wEIFAcxld6ypU4OSgU=
github.com/mattn/go-runewidth v0.0.13/go.mod h1:Jdepj2loyihRzMpdS35Xk/zdY8IAYHsh153qUoGf23w=
github.com/muesli/ansi v0.0.0-20211018074035-2e021307bc4b h1:1XF24mVaiu7u+CFywTdcDo2ie1pzzhwjt6RHqzpMU34=
github.com/muesli/ansi v0.0.0-20211018074035-2e021307bc4b/go.mod h1:fQuZ0gauxyBcmsdE3ZT4NasjaRdxmbCS0jRHsrWu3Ho=
github.com/muesli/ansi v0.0.0-20211031195517-c9f0611b6c70 h1:kMlmsLSbjkikxQJ1IPwaM+7LJ9ltFu/fi8CRzvSnQmA=
github.com/muesli/ansi v0.0.0-20211031195517-c9f0611b6c70/go.mod h1:fQuZ0gauxyBcmsdE3ZT4NasjaRdxmbCS0jRHsrWu3Ho=
github.com/muesli/cancelreader v0.2.0 h1:SOpr+CfyVNce341kKqvbhhzQhBPyJRXQaCtn03Pae1Q=
github.com/muesli/cancelreader v0.2.0/go.mod h1:3XuTXfFS2VjM+HTLZY9Ak0l6eUKfijIfMUZ4EgX0QYo=
github.com/muesli/reflow v0.2.1-0.20210115123740-9e1d0d53df68/go.mod h1:Xk+z4oIWdQqJzsxyjgl3P22oYZnHdZ8FFTHAQQt5BMQ=
github.com/muesli/reflow v0.3.0 h1:IFsN6K9NfGtjeggFP+68I4chLZV2yIKsXJFNZ+eWh6s=
github.com/muesli/reflow v0.3.0/go.mod h1:pbwTDkVPibjO2kyvBQRBxTWEEGDGq0FlB1BIKtnHY/8=
github.com/muesli/termenv v0.9.0/go.mod h1:R/LzAKf+suGs4IsO95y7+7DpFHO0KABgnZqtlyx2mBw=
github.com/muesli/termenv v0.11.1-0.20220204035834-5ac8409525e0/go.mod h1:Bd5NYQ7pd+SrtBSrSNoBBmXlcY8+Xj4BMJgh8qcZrvs=
github.com/muesli/termenv v0.11.1-0.20220212125758-44cd13922739 h1:QANkGiGr39l1EESqrE0gZw0/AJNYzIvoGLhIoVYtluI=
github.com/muesli/termenv v0.11.1-0.20220212125758-44cd13922739/go.mod h1:Bd5NYQ7pd+SrtBSrSNoBBmXlcY8+Xj4BMJgh8qcZrvs=
github.com/muesli/termenv v0.12.0 h1:KuQRUE3PgxRFWhq4gHvZtPSLCGDqM5q/cYr1pZ39ytc=
github.com/muesli/termenv v0.12.0/go.mod h1:WCCv32tusQ/EEZ5S8oUIIrC/nIuBcxCVqlN4Xfkv+7A=
github.com/pkg/errors v0.9.1 h1:FEBLx1zS214owpjy7qsBeixbURkuhQAwrK5UwLGTwt4=
github.com/pkg/errors v0.9.1/go.mod h1:bwawxfHBFNV+L2hUp1rHADufV3IMtnDRdf1r5NINEl0=
github.com/pmezard/go-difflib v1.0.0 h1:4DBwDE0NGyQoBHbLQYPwSUPoCMWR5BEzIk/f1lZbAQM=
github.com/pmezard/go-difflib v1.0.0/go.mod h1:iKH77koFhYxTK1pcRnkKkqfTogsbg7gZNVY4sRDYZ/4=
github.com/rivo/uniseg v0.1.0/go.mod h1:J6wj4VEh+S6ZtnVlnTBMWIodfgj8LQOQFoIToxlJtxc=
github.com/rivo/uniseg v0.2.0 h1:S1pD9weZBuJdFmowNwbpi7BJ8TNftyUImj/0WQi72jY=
github.com/rivo/uniseg v0.2.0/go.mod h1:J6wj4VEh+S6ZtnVlnTBMWIodfgj8LQOQFoIToxlJtxc=
github.com/sahilm/fuzzy v0.1.0 h1:FzWGaw2Opqyu+794ZQ9SYifWv2EIXpwP4q8dY1kDAwI=
github.com/sahilm/fuzzy v0.1.0/go.mod h1:VFvziUEIMCrT6A6tw2RFIXPXXmzXbOsSHF0DOI8ZK9Y=
github.com/stretchr/objx v0.1.0/go.mod h1:HFkY916IF+rwdDfMAkV7OtwuqBVzrE8GR6GFx+wExME=
github.com/stretchr/testify v1.4.0/go.mod h1:j7eGeouHqKxXV5pUuKE4zz7dFj8WfuZ+81PSLYec5m4=
github.com/stretchr/testify v1.7.1 h1:5TQK59W5E3v0r2duFAb7P95B6hEeOyEnHRa8MjYSMTY=
github.com/stretchr/testify v1.7.1/go.mod h1:6Fq8oRcR53rry900zMqJjRRixrwX3KX962/h/Wwjteg=
go.etcd.io/bbolt v1.3.6 h1:/ecaJf0sk1l4l6V4awd65v2C3ILy7MSj+s/x1ADCIMU=
go.etcd.io/bbolt v1.3.6/go.mod h1:qXsaaIqmgQH0T+OPdb99Bf+PKfBBQVAdyD6TY9G8XM4=
golang.org/x/sys v0.0.0-20200116001909-b77594299b42/go.mod h1:h1NjWce9XRLGQEsW7wpKNCjG9DtNlClVuFLEZdDNbEs=
golang.org/x/sys v0.0.0-20200223170610-d5e6a3e2c0ae/go.mod h1:h1NjWce9XRLGQEsW7wpKNCjG9DtNlClVuFLEZdDNbEs=
golang.org/x/sys v0.0.0-20200923182605-d9f96fdee20d/go.mod h1:h1NjWce9XRLGQEsW7wpKNCjG9DtNlClVuFLEZdDNbEs=
golang.org/x/sys v0.0.0-20201119102817-f84b799fce68/go.mod h1:h1NjWce9XRLGQEsW7wpKNCjG9DtNlClVuFLEZdDNbEs=
golang.org/x/sys v0.0.0-20210119212857-b64e53b001e4/go.mod h1:h1NjWce9XRLGQEsW7wpKNCjG9DtNlClVuFLEZdDNbEs=
golang.org/x/sys v0.0.0-20210124154548-22da62e12c0c/go.mod h1:h1NjWce9XRLGQEsW7wpKNCjG9DtNlClVuFLEZdDNbEs=
golang.org/x/sys v0.0.0-20210615035016-665e8c7367d1/go.mod h1:oPkhp1MJrh7nUepCBck5+mAzfO9JrbApNNgaTdGDITg=
golang.org/x/sys v0.0.0-20210630005230-0f9fa26af87c h1:F1jZWGFhYfh0Ci55sIpILtKKK8p3i2/krTr0H1rg74I=
golang.org/x/sys v0.0.0-20210630005230-0f9fa26af87c/go.mod h1:oPkhp1MJrh7nUepCBck5+mAzfO9JrbApNNgaTdGDITg=
golang.org/x/sys v0.0.0-20220204135822-1c1b9b1eba6a/go.mod h1:oPkhp1MJrh7nUepCBck5+mAzfO9JrbApNNgaTdGDITg=
golang.org/x/sys v0.0.0-20220209214540-3681064d5158/go.mod h1:oPkhp1MJrh7nUepCBck5+mAzfO9JrbApNNgaTdGDITg=
golang.org/x/sys v0.0.0-20220520151302-bc2c85ada10a h1:dGzPydgVsqGcTRVwiLJ1jVbufYwmzD3LfVPLKsKg+0k=
golang.org/x/sys v0.0.0-20220520151302-bc2c85ada10a/go.mod h1:oPkhp1MJrh7nUepCBck5+mAzfO9JrbApNNgaTdGDITg=
golang.org/x/term v0.0.0-20210422114643-f5beecf764ed/go.mod h1:bj7SfCRtBDWHUb9snDiAeCFNEtKQo2Wmx5Cou7ajbmo=
golang.org/x/term v0.0.0-20210927222741-03fcf44c2211 h1:JGgROgKl9N8DuW20oFS5gxc+lE67/N3FcwmBPMe7ArY=
golang.org/x/term v0.0.0-20210927222741-03fcf44c2211/go.mod h1:jbD1KX2456YbFQfuXm/mYQcufACuNUgVhRMnK/tPxf8=
golang.org/x/term v0.0.0-20220526004731-065cf7ba2467 h1:CBpWXWQpIRjzmkkA+M7q9Fqnwd2mZr3AFqexg8YTfoM=
golang.org/x/term v0.0.0-20220526004731-065cf7ba2467/go.mod h1:jbD1KX2456YbFQfuXm/mYQcufACuNUgVhRMnK/tPxf8=
golang.org/x/xerrors v0.0.0-20191204190536-9bdfabe68543/go.mod h1:I/5z698sn9Ka8TeJc9MKroUUfqBBauWjQqLJ2OPfmY0=
gopkg.in/check.v1 v0.0.0-20161208181325-20d25e280405/go.mod h1:Co6ibVJAznAaIkqp8huTwlJQCZ016jof/cbN4VW5Yz0=
gopkg.in/check.v1 v1.0.0-20201130134442-10cb98267c6c/go.mod h1:JHkPIbrfpd72SG/EVd6muEfDQjcINNoR0C8j2r3qZ4Q=
gopkg.in/yaml.v2 v2.2.2/go.mod h1:hI93XBmqTisBFMUTm0b8Fm+jr3Dg1NNxqwp+5A1VGuI=
gopkg.in/yaml.v2 v2.2.8/go.mod h1:hI93XBmqTisBFMUTm0b8Fm+jr3Dg1NNxqwp+5A1VGuI=
gopkg.in/yaml.v3 v3.0.0-20200313102051-9f266ea9e77c h1:dUUwHk2QECo/6vqA44rthZ8ie2QXMNeKRTHCNY2nXvo=
gopkg.in/yaml.v3 v3.0.0-20200313102051-9f266ea9e77c/go.mod h1:K4uyk7z7BCEPqu6E+C64Yfv1cQ7kz7rIZviUmN+EgEM=
